<?xml version="1.0" encoding="utf-8"?>
<Project ToolsVersion="4.0" xmlns="http://schemas.microsoft.com/developer/msbuild/2003">
  <ItemGroup>
    <Filter Include="소스 파일">
      <UniqueIdentifier>{4FC737F1-C7A5-4376-A066-2A32D752A2FF}</UniqueIdentifier>
      <Extensions>cpp;c;cc;cxx;def;odl;idl;hpj;bat;asm;asmx</Extensions>
    </Filter>
    <Filter Include="헤더 파일">
      <UniqueIdentifier>{93995380-89BD-4b04-88EB-625FBE52EBFB}</UniqueIdentifier>
      <Extensions>h;hh;hpp;hxx;hm;inl;inc;xsd</Extensions>
    </Filter>
    <Filter Include="리소스 파일">
      <UniqueIdentifier>{67DA6AB6-F800-4c08-8B7A-83BB121AAD01}</UniqueIdentifier>
      <Extensions>rc;ico;cur;bmp;dlg;rc2;rct;bin;rgs;gif;jpg;jpeg;jpe;resx;tiff;tif;png;wav;mfcribbon-ms</Extensions>
    </Filter>
    <Filter Include="99. Header">
      <UniqueIdentifier>{da957f88-cfcf-44dc-9d60-4c96496d9a3c}</UniqueIdentifier>
    </Filter>
    <Filter Include="00. MainGame">
      <UniqueIdentifier>{4dd63aa3-07a5-4eab-9262-4b5f2bf5ca69}</UniqueIdentifier>
    </Filter>
    <Filter Include="01. Obj">
      <UniqueIdentifier>{58c4ea74-3db6-4583-863e-eacc0f0bd8a2}</UniqueIdentifier>
    </Filter>
    <Filter Include="01. Obj\00. Being">
      <UniqueIdentifier>{3d360cdd-262d-409f-b52f-cb57dc449c2b}</UniqueIdentifier>
    </Filter>
    <Filter Include="01. Obj\00. Being\00. Player">
      <UniqueIdentifier>{08846b78-31c4-41f6-a327-f6e2d8e98a49}</UniqueIdentifier>
    </Filter>
    <Filter Include="01. Obj\00. Being\01. Monster">
      <UniqueIdentifier>{390c09e8-12df-401e-aa93-a1b817d78de6}</UniqueIdentifier>
    </Filter>
    <Filter Include="01. Obj\01. NotBeing">
      <UniqueIdentifier>{245c5a23-7266-4ae6-b22d-5bf9fb84378c}</UniqueIdentifier>
    </Filter>
    <Filter Include="01. Obj\01. NotBeing\00. Block">
      <UniqueIdentifier>{4ac1e9d6-a113-462d-8a00-c60a12ec4f51}</UniqueIdentifier>
    </Filter>
    <Filter Include="01. Obj\01. NotBeing\01. Line">
      <UniqueIdentifier>{fcad0786-f24b-471e-90e8-eeee4d21f6c4}</UniqueIdentifier>
    </Filter>
    <Filter Include="01. Obj\01. NotBeing\02. Item">
      <UniqueIdentifier>{c317e8f7-93e4-4d38-9b9b-9693dd1b701c}</UniqueIdentifier>
    </Filter>
    <Filter Include="00. Pattern">
      <UniqueIdentifier>{8443745e-a0d7-43f2-aa96-dadbc7118b6e}</UniqueIdentifier>
    </Filter>
    <Filter Include="01. Manager">
      <UniqueIdentifier>{8940d562-6f89-428f-9f7d-1f9615119422}</UniqueIdentifier>
    </Filter>
    <Filter Include="01. Manager\00. ObjMgr">
      <UniqueIdentifier>{65ba61b3-d6fc-41af-bec2-3a694265a454}</UniqueIdentifier>
    </Filter>
    <Filter Include="00. Pattern\00. AbstractFactory">
      <UniqueIdentifier>{63f6bc9b-83ae-4c04-8b46-d67ad2db6292}</UniqueIdentifier>
    </Filter>
    <Filter Include="00. Pattern\01. Collisoin">
      <UniqueIdentifier>{a8bfe11b-c159-403a-a3e2-82aa993541e9}</UniqueIdentifier>
    </Filter>
    <Filter Include="01. Obj\00. Being\01. Monster\Cloud">
      <UniqueIdentifier>{04ad6b0b-3a71-4b0b-9c65-94c19df7802f}</UniqueIdentifier>
    </Filter>
    <Filter Include="01. Obj\00. Being\01. Monster\Warrior">
      <UniqueIdentifier>{ade2912a-c185-4ac1-8fb6-885902c63519}</UniqueIdentifier>
    </Filter>
    <Filter Include="01. Obj\00. Being\01. Monster\Koopa">
      <UniqueIdentifier>{e54d1fae-f7ad-4cf4-a440-442f1845b1b7}</UniqueIdentifier>
    </Filter>
    <Filter Include="01. Obj\00. Being\01. Monster\M_Bullet">
      <UniqueIdentifier>{b036d46f-8c0c-4ce1-9109-ecd5e3546bd6}</UniqueIdentifier>
    </Filter>
    <Filter Include="01. Obj\01. NotBeing\03 Stage">
      <UniqueIdentifier>{1de9231d-eb3c-4e0c-9283-481b7c348af6}</UniqueIdentifier>
    </Filter>
    <Filter Include="00. MainGame\00. SavePoint">
      <UniqueIdentifier>{7e7eb85f-5f21-4fbe-a460-8a21a51ec0fa}</UniqueIdentifier>
    </Filter>
    <Filter Include="01. Manager\01. LIneMgr">
      <UniqueIdentifier>{de7d086b-3c20-43d7-ba7a-18e963c3f4bc}</UniqueIdentifier>
    </Filter>
    <Filter Include="01. Manager\02. KeyMgr">
      <UniqueIdentifier>{420896a1-6b89-46ed-9283-9b964ed795d8}</UniqueIdentifier>
    </Filter>
    <Filter Include="02.State">
      <UniqueIdentifier>{746e819e-ceff-4027-9c5d-44c74ab78e71}</UniqueIdentifier>
    </Filter>
    <Filter Include="03.Ui">
      <UniqueIdentifier>{d5e8f9fc-835d-411a-8a22-fd2e9eaae2a0}</UniqueIdentifier>
    </Filter>
    <Filter Include="01. Obj\01. NotBeing\02. Item\00.Coin">
      <UniqueIdentifier>{4675cc75-3103-43bc-b9b7-15b35c5ce6a9}</UniqueIdentifier>
    </Filter>
    <Filter Include="01. Manager\03.ItemMgr">
      <UniqueIdentifier>{9890a241-3c94-4343-b196-03e4a942c46f}</UniqueIdentifier>
    </Filter>
    <Filter Include="01. Manager\04.UiMgr">
      <UniqueIdentifier>{6ab627b5-128e-4328-87d2-2f3e2543e413}</UniqueIdentifier>
    </Filter>
    <Filter Include="01. Manager\03.ItemMgr\02.CoinMgr">
      <UniqueIdentifier>{810a2c6f-54c5-4fc2-9f66-a906243ac99d}</UniqueIdentifier>
    </Filter>
    <Filter Include="01. Manager\05. ScrollMgr">
      <UniqueIdentifier>{3a4cb81e-c358-4511-9e24-2fa473591d70}</UniqueIdentifier>
    </Filter>
    <Filter Include="01. Obj\00. Being\01. Monster\M_Bullet\00. Cloud_Bullet">
      <UniqueIdentifier>{954223f5-d882-49da-80bd-6a17f3da7cab}</UniqueIdentifier>
    </Filter>
    <Filter Include="01. Obj\01. NotBeing\06. Trap">
      <UniqueIdentifier>{2a33391f-f034-42dc-a541-badfb37cfea1}</UniqueIdentifier>
    </Filter>
    <Filter Include="01. Obj\01. NotBeing\06. Trap\00. Thorn">
      <UniqueIdentifier>{ca1d3c5a-af07-4877-8953-fefb17af73b1}</UniqueIdentifier>
    </Filter>
    <Filter Include="01. Obj\00. Being\00. Player\00. Gomu_Fistol">
      <UniqueIdentifier>{e118e877-efa2-4f39-b55c-caf22a72cea1}</UniqueIdentifier>
    </Filter>
  </ItemGroup>
  <ItemGroup>
    <Text Include="ReadMe.txt" />
  </ItemGroup>
  <ItemGroup>
    <ClInclude Include="stdafx.h">
      <Filter>헤더 파일</Filter>
    </ClInclude>
    <ClInclude Include="targetver.h">
      <Filter>헤더 파일</Filter>
    </ClInclude>
    <ClInclude Include="Resource.h">
      <Filter>헤더 파일</Filter>
    </ClInclude>
    <ClInclude Include="2_Team.h">
      <Filter>헤더 파일</Filter>
    </ClInclude>
    <ClInclude Include="Enum.h">
      <Filter>99. Header</Filter>
    </ClInclude>
    <ClInclude Include="Struct.h">
      <Filter>99. Header</Filter>
    </ClInclude>
    <ClInclude Include="Define.h">
      <Filter>99. Header</Filter>
    </ClInclude>
    <ClInclude Include="Functor.h">
      <Filter>99. Header</Filter>
    </ClInclude>
    <ClInclude Include="Include.h">
      <Filter>99. Header</Filter>
    </ClInclude>
    <ClInclude Include="MainGame.h">
      <Filter>00. MainGame</Filter>
    </ClInclude>
    <ClInclude Include="Obj.h">
      <Filter>01. Obj</Filter>
    </ClInclude>
    <ClInclude Include="ObjMgr.h">
      <Filter>01. Manager\00. ObjMgr</Filter>
    </ClInclude>
    <ClInclude Include="NotBeing.h">
      <Filter>01. Obj\01. NotBeing</Filter>
    </ClInclude>
    <ClInclude Include="Being.h">
      <Filter>01. Obj\00. Being</Filter>
    </ClInclude>
    <ClInclude Include="SavePoint.h">
      <Filter>00. MainGame\00. SavePoint</Filter>
    </ClInclude>
    <ClInclude Include="Block.h">
      <Filter>01. Obj\01. NotBeing\00. Block</Filter>
    </ClInclude>
    <ClInclude Include="Line.h">
      <Filter>01. Obj\01. NotBeing\01. Line</Filter>
    </ClInclude>
    <ClInclude Include="LineMgr.h">
      <Filter>01. Manager\01. LIneMgr</Filter>
    </ClInclude>
    <ClInclude Include="Collision.h">
      <Filter>00. Pattern\01. Collisoin</Filter>
    </ClInclude>
    <ClInclude Include="PlayerFactory.h">
      <Filter>00. Pattern\00. AbstractFactory</Filter>
    </ClInclude>
    <ClInclude Include="LineFactory.h">
      <Filter>00. Pattern\00. AbstractFactory</Filter>
    </ClInclude>
    <ClInclude Include="Player.h">
      <Filter>01. Obj\00. Being\00. Player</Filter>
    </ClInclude>
    <ClInclude Include="KeyMgr.h">
      <Filter>01. Manager\02. KeyMgr</Filter>
    </ClInclude>
    <ClInclude Include="State.h">
      <Filter>02.State</Filter>
    </ClInclude>
    <ClInclude Include="Warrior.h">
      <Filter>01. Obj\00. Being\01. Monster\Warrior</Filter>
    </ClInclude>
    <ClInclude Include="Koopa.h">
      <Filter>01. Obj\00. Being\01. Monster\Koopa</Filter>
    </ClInclude>
    <ClInclude Include="Monster.h">
      <Filter>01. Obj\00. Being\01. Monster</Filter>
    </ClInclude>
    <ClInclude Include="MonsterFactory.h">
      <Filter>00. Pattern\00. AbstractFactory</Filter>
    </ClInclude>
    <ClInclude Include="BlockFactory.h">
      <Filter>00. Pattern\00. AbstractFactory</Filter>
    </ClInclude>
    <ClInclude Include="UI.h">
      <Filter>03.Ui</Filter>
    </ClInclude>
    <ClInclude Include="Item.h">
      <Filter>01. Obj\01. NotBeing\02. Item</Filter>
    </ClInclude>
    <ClInclude Include="Coin.h">
      <Filter>01. Obj\01. NotBeing\02. Item\00.Coin</Filter>
    </ClInclude>
    <ClInclude Include="CoinFactory.h">
      <Filter>00. Pattern\00. AbstractFactory</Filter>
    </ClInclude>
    <ClInclude Include="CoinMgr.h">
      <Filter>01. Manager\03.ItemMgr\02.CoinMgr</Filter>
    </ClInclude>
    <ClInclude Include="UiMgr.h">
      <Filter>01. Manager\04.UiMgr</Filter>
    </ClInclude>
    <ClInclude Include="ItemMgr.h">
      <Filter>01. Manager\03.ItemMgr</Filter>
    </ClInclude>
    <ClInclude Include="ScrollMgr.h">
      <Filter>01. Manager\05. ScrollMgr</Filter>
    </ClInclude>
    <ClInclude Include="M_Cloud.h">
      <Filter>01. Obj\00. Being\01. Monster\Cloud</Filter>
    </ClInclude>
    <ClInclude Include="Cloud_Bullet.h">
      <Filter>01. Obj\00. Being\01. Monster\M_Bullet\00. Cloud_Bullet</Filter>
    </ClInclude>
    <ClInclude Include="Thorn.h">
      <Filter>01. Obj\01. NotBeing\06. Trap\00. Thorn</Filter>
    </ClInclude>
    <ClInclude Include="TrapFactory.h">
      <Filter>00. Pattern\00. AbstractFactory</Filter>
    </ClInclude>
    <ClInclude Include="Gomu_Fistol.h">
      <Filter>01. Obj\00. Being\00. Player\00. Gomu_Fistol</Filter>
    </ClInclude>
    <ClInclude Include="GomuFactory.h">
      <Filter>00. Pattern\00. AbstractFactory</Filter>
    </ClInclude>
  </ItemGroup>
  <ItemGroup>
    <ClCompile Include="stdafx.cpp">
      <Filter>소스 파일</Filter>
    </ClCompile>
    <ClCompile Include="2_Team.cpp">
      <Filter>소스 파일</Filter>
    </ClCompile>
    <ClCompile Include="MainGame.cpp">
      <Filter>00. MainGame</Filter>
    </ClCompile>
    <ClCompile Include="Obj.cpp">
      <Filter>01. Obj</Filter>
    </ClCompile>
    <ClCompile Include="ObjMgr.cpp">
      <Filter>01. Manager\00. ObjMgr</Filter>
    </ClCompile>
    <ClCompile Include="NotBeing.cpp">
      <Filter>01. Obj\01. NotBeing</Filter>
    </ClCompile>
    <ClCompile Include="Being.cpp">
      <Filter>01. Obj\00. Being</Filter>
    </ClCompile>
    <ClCompile Include="SavePoint.cpp">
      <Filter>00. MainGame\00. SavePoint</Filter>
    </ClCompile>
    <ClCompile Include="Block.cpp">
      <Filter>01. Obj\01. NotBeing\00. Block</Filter>
    </ClCompile>
    <ClCompile Include="Line.cpp">
      <Filter>01. Obj\01. NotBeing\01. Line</Filter>
    </ClCompile>
    <ClCompile Include="LineMgr.cpp">
      <Filter>01. Manager\01. LIneMgr</Filter>
    </ClCompile>
    <ClCompile Include="Collision.cpp">
      <Filter>00. Pattern\01. Collisoin</Filter>
    </ClCompile>
    <ClCompile Include="Player.cpp">
      <Filter>01. Obj\00. Being\00. Player</Filter>
    </ClCompile>
    <ClCompile Include="KeyMgr.cpp">
      <Filter>01. Manager\02. KeyMgr</Filter>
    </ClCompile>
    <ClCompile Include="State.cpp">
      <Filter>02.State</Filter>
    </ClCompile>
    <ClCompile Include="UI.cpp">
      <Filter>03.Ui</Filter>
    </ClCompile>
    <ClCompile Include="Item.cpp">
      <Filter>01. Obj\01. NotBeing\02. Item</Filter>
    </ClCompile>
    <ClCompile Include="Coin.cpp">
      <Filter>01. Obj\01. NotBeing\02. Item\00.Coin</Filter>
    </ClCompile>
    <ClCompile Include="CoinMgr.cpp">
      <Filter>01. Manager\03.ItemMgr\02.CoinMgr</Filter>
    </ClCompile>
    <ClCompile Include="Warrior.cpp">
      <Filter>01. Obj\00. Being\01. Monster\Warrior</Filter>
    </ClCompile>
    <ClCompile Include="Koopa.cpp">
      <Filter>01. Obj\00. Being\01. Monster\Koopa</Filter>
    </ClCompile>
    <ClCompile Include="Monster.cpp">
      <Filter>01. Obj\00. Being\01. Monster</Filter>
    </ClCompile>
    <ClCompile Include="ScrollMgr.cpp">
      <Filter>01. Manager\05. ScrollMgr</Filter>
    </ClCompile>
    <ClCompile Include="M_Cloud.cpp">
      <Filter>01. Obj\00. Being\01. Monster\Cloud</Filter>
    </ClCompile>
    <ClCompile Include="Cloud_Bullet.cpp">
      <Filter>01. Obj\00. Being\01. Monster\M_Bullet\00. Cloud_Bullet</Filter>
    </ClCompile>
    <ClCompile Include="UiMgr.cpp">
      <Filter>01. Manager\04.UiMgr</Filter>
    </ClCompile>
    <ClCompile Include="ItemMgr.cpp">
      <Filter>01. Manager\03.ItemMgr</Filter>
    </ClCompile>
    <ClCompile Include="Thorn.cpp">
      <Filter>01. Obj\01. NotBeing\06. Trap\00. Thorn</Filter>
    </ClCompile>
    <ClCompile Include="Gomu_Fistol.cpp">
      <Filter>01. Obj\00. Being\00. Player\00. Gomu_Fistol</Filter>
    </ClCompile>
  </ItemGroup>
  <ItemGroup>
    <ResourceCompile Include="2_Team.rc">
      <Filter>리소스 파일</Filter>
    </ResourceCompile>
  </ItemGroup>
  <ItemGroup>
    <Image Include="small.ico">
      <Filter>리소스 파일</Filter>
    </Image>
    <Image Include="2_Team.ico">
      <Filter>리소스 파일</Filter>
    </Image>
  </ItemGroup>
</Project>